
Microsoft Visual Studio Solution File, Format Version 12.00
# Visual Studio Version 16
VisualStudioVersion = 16.0.31624.102
MinimumVisualStudioVersion = 10.0.40219.1
Project("{9A19103F-16F7-4668-BE54-9A1E7A4F7556}") = "Expotech2021", "Expotech2021\Expotech2021.csproj", "{32F17AF1-4238-40A2-A222-1A62FB26BB06}"
EndProject
Project("{FAE04EC0-301F-11D3-BF4B-00C04F79EFBC}") = "ExpoAdmin", "ExpoAdmin\ExpoAdmin.csproj", "{5F0AFA2A-B74A-4C46-BFDA-BE0490D58EF8}"
EndProject
Global
	GlobalSection(SolutionConfigurationPlatforms) = preSolution
		Debug|Any CPU = Debug|Any CPU
		Release|Any CPU = Release|Any CPU
	EndGlobalSection
	GlobalSection(ProjectConfigurationPlatforms) = postSolution
		{32F17AF1-4238-40A2-A222-1A62FB26BB06}.Debug|Any CPU.ActiveCfg = Debug|Any CPU
		{32F17AF1-4238-40A2-A222-1A62FB26BB06}.Debug|Any CPU.Build.0 = Debug|Any CPU
		{32F17AF1-4238-40A2-A222-1A62FB26BB06}.Release|Any CPU.ActiveCfg = Release|Any CPU
		{32F17AF1-4238-40A2-A222-1A62FB26BB06}.Release|Any CPU.Build.0 = Release|Any CPU
		{5F0AFA2A-B74A-4C46-BFDA-BE0490D58EF8}.Debug|Any CPU.ActiveCfg = Debug|Any CPU
		{5F0AFA2A-B74A-4C46-BFDA-BE0490D58EF8}.Debug|Any CPU.Build.0 = Debug|Any CPU
		{5F0AFA2A-B74A-4C46-BFDA-BE0490D58EF8}.Release|Any CPU.ActiveCfg = Release|Any CPU
		{5F0AFA2A-B74A-4C46-BFDA-BE0490D58EF8}.Release|Any CPU.Build.0 = Release|Any CPU
	EndGlobalSection
	GlobalSection(SolutionProperties) = preSolution
		HideSolutionNode = FALSE
	EndGlobalSection
	GlobalSection(ExtensibilityGlobals) = postSolution
		SolutionGuid = {18F8540F-D490-43A1-A046-5126B75D42EC}
	EndGlobalSection
EndGlobal
